// !$*UTF8*$!
{
	archiveVersion = 1;
	classes = {
	};
	objectVersion = 77;
	objects = {

/* Begin PBXFileReference section */
		F125BB1D2FFFB9E300380881 /* Constants.swift */ = {isa = PBXFileReference; lastKnownFileType = sourcecode.swift; path = Constants.swift; sourceTree = "<group>"; };
		F125BB1E2FFFB9F800380881 /* DateFormatter.swift */ = {isa = PBXFileReference; lastKnownFileType = sourcecode.swift; path = DateFormatter.swift; sourceTree = "<group>"; };
		F125BB1F2FFFBA0800380881 /* Untitled.swift */ = {isa = PBXFileReference; lastKnownFileType = sourcecode.swift; path = Untitled.swift; sourceTree = "<group>"; };
		F125BB202FFFBA0800380881 /* CustomButton.swift */ = {isa = PBXFileReference; lastKnownFileType = sourcecode.swift; path = CustomButton.swift; sourceTree = "<group>"; };
		F125BB212FFFBA1F00380881 /* APIService.swift */ = {isa = PBXFileReference; lastKnownFileType = sourcecode.swift; path = APIService.swift; sourceTree = "<group>"; };
		F125BB222FFFBA2800380881 /* LocalDatabase.swift */ = {isa = PBXFileReference; lastKnownFileType = sourcecode.swift; path = LocalDatabase.swift; sourceTree = "<group>"; };
		F14E16E330008A8900754801 /* AuthUser.swift */ = {isa = PBXFileReference; lastKnownFileType = sourcecode.swift; path = AuthUser.swift; sourceTree = "<group>"; };
		F14E16E430008A9900754801 /* AuthViewModal.swift */ = {isa = PBXFileReference; lastKnownFileType = sourcecode.swift; path = AuthViewModal.swift; sourceTree = "<group>"; };
		F14E16E530008AA200754801 /* LoginView.swift */ = {isa = PBXFileReference; lastKnownFileType = sourcecode.swift; path = LoginView.swift; sourceTree = "<group>"; };
		F1B050A32FFE3A36002DB40F /* AppIos.app */ = {isa = PBXFileReference; explicitFileType = wrapper.application; includeInIndex = 0; path = AppIos.app; sourceTree = BUILT_PRODUCTS_DIR; };
		F1CCDE3330010ABE006654BF /* Light.swift */ = {isa = PBXFileReference; lastKnownFileType = sourcecode.swift; path = Light.swift; sourceTree = "<group>"; };
		F1CCDE3530010ADF006654BF /* Dark.swift */ = {isa = PBXFileReference; lastKnownFileType = sourcecode.swift; path = Dark.swift; sourceTree = "<group>"; };
		F1CCDE3630010B58006654BF /* Extensions.swift */ = {isa = PBXFileReference; lastKnownFileType = sourcecode.swift; path = Extensions.swift; sourceTree = "<group>"; };
		F1AA11111111111111110002 /* AppIosTests.xctest */ = {isa = PBXFileReference; explicitFileType = wrapper.cfbundle; includeInIndex = 0; path = AppIosTests.xctest; sourceTree = BUILT_PRODUCTS_DIR; };
/* End PBXFileReference section */

/* Begin PBXFileSystemSynchronizedRootGroup section */
		F1B050A52FFE3A36002DB40F /* AppIos */ = {
			isa = PBXFileSystemSynchronizedRootGroup;
			path = AppIos;
			sourceTree = "<group>";
		};
		F1AA11111111111111110003 /* AppIosTests */ = {
			isa = PBXFileSystemSynchronizedRootGroup;
			path = AppIosTests;
			sourceTree = "<group>";
		};
/* End PBXFileSystemSynchronizedRootGroup section */

/* Begin PBXFrameworksBuildPhase section */
		F1B050A02FFE3A36002DB40F /* Frameworks */ = {
			isa = PBXFrameworksBuildPhase;
			buildActionMask = 2147483647;
			files = (
			);
			runOnlyForDeploymentPostprocessing = 0;
		};
		F1AA11111111111111110005 /* Frameworks */ = {
			isa = PBXFrameworksBuildPhase;
			buildActionMask = 2147483647;
			files = (
			);
			runOnlyForDeploymentPostprocessing = 0;
		};
/* End PBXFrameworksBuildPhase section */

/* Begin PBXGroup section */
		F125BB0F2FFFB8FC00380881 /* Core */ = {
			isa = PBXGroup;
			children = (
				F125BB102FFFB91C00380881 /* Authentication */,
				F125BB182FFFB99600380881 /* Home */,
			);
			path = Core;
			sourceTree = "<group>";
		};
		F125BB102FFFB91C00380881 /* Authentication */ = {
			isa = PBXGroup;
			children = (
				F125BB132FFFB94C00380881 /* Models */,
				F125BB122FFFB94300380881 /* ViewModels */,
				F125BB112FFFB93800380881 /* Views */,
			);
			path = Authentication;
			sourceTree = "<group>";
		};
		F125BB112FFFB93800380881 /* Views */ = {
			isa = PBXGroup;
			children = (
				F14E16E530008AA200754801 /* LoginView.swift */,
			);
			path = Views;
			sourceTree = "<group>";
		};
		F125BB122FFFB94300380881 /* ViewModels */ = {
			isa = PBXGroup;
			children = (
				F14E16E430008A9900754801 /* AuthViewModal.swift */,
			);
			path = ViewModels;
			sourceTree = "<group>";
		};
		F125BB132FFFB94C00380881 /* Models */ = {
			isa = PBXGroup;
			children = (
				F14E16E330008A8900754801 /* AuthUser.swift */,
			);
			path = Models;
			sourceTree = "<group>";
		};
		F125BB152FFFB99600380881 /* Models */ = {
			isa = PBXGroup;
			children = (
			);
			path = Models;
			sourceTree = "<group>";
		};
		F125BB162FFFB99600380881 /* ViewModels */ = {
			isa = PBXGroup;
			children = (
			);
			path = ViewModels;
			sourceTree = "<group>";
		};
		F125BB172FFFB99600380881 /* Views */ = {
			isa = PBXGroup;
			children = (
			);
			path = Views;
			sourceTree = "<group>";
		};
		F125BB182FFFB99600380881 /* Home */ = {
			isa = PBXGroup;
			children = (
				F125BB152FFFB99600380881 /* Models */,
				F125BB162FFFB99600380881 /* ViewModels */,
				F125BB172FFFB99600380881 /* Views */,
			);
			path = Home;
			sourceTree = "<group>";
		};
		F125BB192FFFB9AC00380881 /* Services */ = {
			isa = PBXGroup;
			children = (
				F125BB222FFFBA2800380881 /* LocalDatabase.swift */,
				F125BB212FFFBA1F00380881 /* APIService.swift */,
			);
			path = Services;
			sourceTree = "<group>";
		};
		F125BB1A2FFFB9B600380881 /* Components */ = {
			isa = PBXGroup;
			children = (
				F125BB202FFFBA0800380881 /* CustomButton.swift */,
				F125BB1F2FFFBA0800380881 /* Untitled.swift */,
			);
			path = Components;
			sourceTree = "<group>";
		};
		F125BB1B2FFFB9BF00380881 /* Extensions */ = {
			isa = PBXGroup;
			children = (
				F1CCDE3630010B58006654BF /* Extensions.swift */,
			);
			path = Extensions;
			sourceTree = "<group>";
		};
		F125BB1C2FFFB9C700380881 /* Helpers */ = {
			isa = PBXGroup;
			children = (
				F1CCDE3430010AC7006654BF /* Theme */,
				F125BB1E2FFFB9F800380881 /* DateFormatter.swift */,
				F125BB1D2FFFB9E300380881 /* Constants.swift */,
			);
			path = Helpers;
			sourceTree = "<group>";
		};
		F125BB232FFFBA3900380881 /* PreviewContent */ = {
			isa = PBXGroup;
			children = (
			);
			path = PreviewContent;
			sourceTree = "<group>";
		};
		F1B0509A2FFE3A36002DB40F = {
			isa = PBXGroup;
			children = (
				F125BB232FFFBA3900380881 /* PreviewContent */,
				F125BB1C2FFFB9C700380881 /* Helpers */,
				F125BB1B2FFFB9BF00380881 /* Extensions */,
				F125BB1A2FFFB9B600380881 /* Components */,
				F125BB192FFFB9AC00380881 /* Services */,
				F125BB0F2FFFB8FC00380881 /* Core */,
				F1B050A52FFE3A36002DB40F /* AppIos */,
				F1AA11111111111111110003 /* AppIosTests */,
				F1B050A42FFE3A36002DB40F /* Products */,
			);
			sourceTree = "<group>";
		};
		F1B050A42FFE3A36002DB40F /* Products */ = {
			isa = PBXGroup;
			children = (
				F1B050A32FFE3A36002DB40F /* AppIos.app */,
				F1AA11111111111111110002 /* AppIosTests.xctest */,
			);
			name = Products;
			sourceTree = "<group>";
		};
		F1CCDE3430010AC7006654BF /* Theme */ = {
			isa = PBXGroup;
			children = (
				F1CCDE3530010ADF006654BF /* Dark.swift */,
				F1CCDE3330010ABE006654BF /* Light.swift */,
			);
			path = Theme;
			sourceTree = "<group>";
		};
/* End PBXGroup section */

/* Begin PBXNativeTarget section */
		F1B050A22FFE3A36002DB40F /* AppIos */ = {
			isa = PBXNativeTarget;
			buildConfigurationList = F1B050AE2FFE3A37002DB40F /* Build configuration list for PBXNativeTarget "AppIos" */;
			buildPhases = (
				F1B0509F2FFE3A36002DB40F /* Sources */,
				F1B050A02FFE3A36002DB40F /* Frameworks */,
				F1B050A12FFE3A36002DB40F /* Resources */,
			);
			buildRules = (
			);
			dependencies = (
			);
			fileSystemSynchronizedGroups = (
				F1B050A52FFE3A36002DB40F /* AppIos */,
			);
			name = AppIos;
			packageProductDependencies = (
			);
			productName = AppIos;
			productReference = F1B050A32FFE3A36002DB40F /* AppIos.app */;
			productType = "com.apple.product-type.application";
		};
		F1AA11111111111111110001 /* AppIosTests */ = {
			isa = PBXNativeTarget;
			buildConfigurationList = F1AA11111111111111110009 /* Build configuration list for PBXNativeTarget "AppIosTests" */;
			buildPhases = (
				F1AA11111111111111110004 /* Sources */,
				F1AA11111111111111110005 /* Frameworks */,
				F1AA11111111111111110006 /* Resources */,
			);
			buildRules = (
			);
			dependencies = (
				F1AA11111111111111110007 /* PBXTargetDependency */,
			);
			fileSystemSynchronizedGroups = (
				F1AA11111111111111110003 /* AppIosTests */,
			);
			name = AppIosTests;
			packageProductDependencies = (
			);
			productName = AppIosTests;
			productReference = F1AA11111111111111110002 /* AppIosTests.xctest */;
			productType = "com.apple.product-type.bundle.unit-test";
		};
/* End PBXNativeTarget section */

/* Begin PBXContainerItemProxy section */
		F1AA11111111111111110008 /* PBXContainerItemProxy */ = {
			isa = PBXContainerItemProxy;
			containerPortal = F1B0509B2FFE3A36002DB40F /* Project object */;
			proxyType = 1;
			remoteGlobalIDString = F1B050A22FFE3A36002DB40F;
			remoteInfo = AppIos;
		};
/* End PBXContainerItemProxy section */

/* Begin PBXProject section */
		F1B0509B2FFE3A36002DB40F /* Project object */ = {
			isa = PBXProject;
			attributes = {
				BuildIndependentTargetsInParallel = 1;
				LastSwiftUpdateCheck = 2660;
				LastUpgradeCheck = 2660;
				TargetAttributes = {
					F1B050A22FFE3A36002DB40F = {
						CreatedOnToolsVersion = 26.6;
					};
					F1AA11111111111111110001 = {
						CreatedOnToolsVersion = 26.6;
						TestTargetID = F1B050A22FFE3A36002DB40F;
					};
				};
			};
			buildConfigurationList = F1B0509E2FFE3A36002DB40F /* Build configuration list for PBXProject "AppIos" */;
			developmentRegion = en;
			hasScannedForEncodings = 0;
			knownRegions = (
				en,
				Base,
			);
			mainGroup = F1B0509A2FFE3A36002DB40F;
			minimizedProjectReferenceProxies = 1;
			preferredProjectObjectVersion = 77;
			productRefGroup = F1B050A42FFE3A36002DB40F /* Products */;
			projectDirPath = "";
			projectRoot = "";
			targets = (
				F1B050A22FFE3A36002DB40F /* AppIos */,
				F1AA11111111111111110001 /* AppIosTests */,
			);
		};
/* End PBXProject section */

/* Begin PBXResourcesBuildPhase section */
		F1B050A12FFE3A36002DB40F /* Resources */ = {
			isa = PBXResourcesBuildPhase;
			buildActionMask = 2147483647;
			files = (
			);
			runOnlyForDeploymentPostprocessing = 0;
		};
		F1AA11111111111111110006 /* Resources */ = {
			isa = PBXResourcesBuildPhase;
			buildActionMask = 2147483647;
			files = (
			);
			runOnlyForDeploymentPostprocessing = 0;
		};
/* End PBXResourcesBuildPhase section */

/* Begin PBXSourcesBuildPhase section */
		F1B0509F2FFE3A36002DB40F /* Sources */ = {
			isa = PBXSourcesBuildPhase;
			buildActionMask = 2147483647;
			files = (
			);
			runOnlyForDeploymentPostprocessing = 0;
		};
		F1AA11111111111111110004 /* Sources */ = {
			isa = PBXSourcesBuildPhase;
			buildActionMask = 2147483647;
			files = (
			);
			runOnlyForDeploymentPostprocessing = 0;
		};
/* End PBXSourcesBuildPhase section */

/* Begin PBXTargetDependency section */
		F1AA11111111111111110007 /* PBXTargetDependency */ = {
			isa = PBXTargetDependency;
			target = F1B050A22FFE3A36002DB40F /* AppIos */;
			targetProxy = F1AA11111111111111110008 /* PBXContainerItemProxy */;
		};
/* End PBXTargetDependency section */

/* Begin XCBuildConfiguration section */
		F1B050AC2FFE3A37002DB40F /* Debug */ = {
			isa = XCBuildConfiguration;
			buildSettings = {
				ALWAYS_SEARCH_USER_PATHS = NO;
				ASSETCATALOG_COMPILER_GENERATE_SWIFT_ASSET_SYMBOL_EXTENSIONS = YES;
				CLANG_ANALYZER_NONNULL = YES;
				CLANG_ANALYZER_NUMBER_OBJECT_CONVERSION = YES_AGGRESSIVE;
				CLANG_CXX_LANGUAGE_STANDARD = "gnu++20";
				CLANG_ENABLE_MODULES = YES;
				CLANG_ENABLE_OBJC_ARC = YES;
				CLANG_ENABLE_OBJC_WEAK = YES;
				CLANG_WARN_BLOCK_CAPTURE_AUTORELEASING = YES;
				CLANG_WARN_BOOL_CONVERSION = YES;
				CLANG_WARN_COMMA = YES;
				CLANG_WARN_CONSTANT_CONVERSION = YES;
				CLANG_WARN_DEPRECATED_OBJC_IMPLEMENTATIONS = YES;
				CLANG_WARN_DIRECT_OBJC_ISA_USAGE = YES_ERROR;
				CLANG_WARN_DOCUMENTATION_COMMENTS = YES;
				CLANG_WARN_EMPTY_BODY = YES;
				CLANG_WARN_ENUM_CONVERSION = YES;
				CLANG_WARN_INFINITE_RECURSION = YES;
				CLANG_WARN_INT_CONVERSION = YES;
				CLANG_WARN_NON_LITERAL_NULL_CONVERSION = YES;
				CLANG_WARN_OBJC_IMPLICIT_RETAIN_SELF = YES;
				CLANG_WARN_OBJC_LITERAL_CONVERSION = YES;
				CLANG_WARN_OBJC_ROOT_CLASS = YES_ERROR;
				CLANG_WARN_QUOTED_INCLUDE_IN_FRAMEWORK_HEADER = YES;
				CLANG_WARN_RANGE_LOOP_ANALYSIS = YES;
				CLANG_WARN_STRICT_PROTOTYPES = YES;
				CLANG_WARN_SUSPICIOUS_MOVE = YES;
				CLANG_WARN_UNGUARDED_AVAILABILITY = YES_AGGRESSIVE;
				CLANG_WARN_UNREACHABLE_CODE = YES;
				CLANG_WARN__DUPLICATE_METHOD_MATCH = YES;
				COPY_PHASE_STRIP = NO;
				DEBUG_INFORMATION_FORMAT = dwarf;
				ENABLE_STRICT_OBJC_MSGSEND = YES;
				ENABLE_TESTABILITY = YES;
				ENABLE_USER_SCRIPT_SANDBOXING = YES;
				GCC_C_LANGUAGE_STANDARD = gnu17;
				GCC_DYNAMIC_NO_PIC = NO;
				GCC_NO_COMMON_BLOCKS = YES;
				GCC_OPTIMIZATION_LEVEL = 0;
				GCC_PREPROCESSOR_DEFINITIONS = (
					"DEBUG=1",
					"$(inherited)",
				);
				GCC_WARN_64_TO_32_BIT_CONVERSION = YES;
				GCC_WARN_ABOUT_RETURN_TYPE = YES_ERROR;
				GCC_WARN_UNDECLARED_SELECTOR = YES;
				GCC_WARN_UNINITIALIZED_AUTOS = YES_AGGRESSIVE;
				GCC_WARN_UNUSED_FUNCTION = YES;
				GCC_WARN_UNUSED_VARIABLE = YES;
				IPHONEOS_DEPLOYMENT_TARGET = 26.5;
				LOCALIZATION_PREFERS_STRING_CATALOGS = YES;
				MTL_ENABLE_DEBUG_INFO = INCLUDE_SOURCE;
				MTL_FAST_MATH = YES;
				ONLY_ACTIVE_ARCH = YES;
				SDKROOT = iphoneos;
				SWIFT_ACTIVE_COMPILATION_CONDITIONS = "DEBUG $(inherited)";
				SWIFT_OPTIMIZATION_LEVEL = "-Onone";
			};
			name = Debug;
		};
		F1B050AD2FFE3A37002DB40F /* Release */ = {
			isa = XCBuildConfiguration;
			buildSettings = {
				ALWAYS_SEARCH_USER_PATHS = NO;
				ASSETCATALOG_COMPILER_GENERATE_SWIFT_ASSET_SYMBOL_EXTENSIONS = YES;
				CLANG_ANALYZER_NONNULL = YES;
				CLANG_ANALYZER_NUMBER_OBJECT_CONVERSION = YES_AGGRESSIVE;
				CLANG_CXX_LANGUAGE_STANDARD = "gnu++20";
				CLANG_ENABLE_MODULES = YES;
				CLANG_ENABLE_OBJC_ARC = YES;
				CLANG_ENABLE_OBJC_WEAK = YES;
				CLANG_WARN_BLOCK_CAPTURE_AUTORELEASING = YES;
				CLANG_WARN_BOOL_CONVERSION = YES;
				CLANG_WARN_COMMA = YES;
				CLANG_WARN_CONSTANT_CONVERSION = YES;
				CLANG_WARN_DEPRECATED_OBJC_IMPLEMENTATIONS = YES;
				CLANG_WARN_DIRECT_OBJC_ISA_USAGE = YES_ERROR;
				CLANG_WARN_DOCUMENTATION_COMMENTS = YES;
				CLANG_WARN_EMPTY_BODY = YES;
				CLANG_WARN_ENUM_CONVERSION = YES;
				CLANG_WARN_INFINITE_RECURSION = YES;
				CLANG_WARN_INT_CONVERSION = YES;
				CLANG_WARN_NON_LITERAL_NULL_CONVERSION = YES;
				CLANG_WARN_OBJC_IMPLICIT_RETAIN_SELF = YES;
				CLANG_WARN_OBJC_LITERAL_CONVERSION = YES;
				CLANG_WARN_OBJC_ROOT_CLASS = YES_ERROR;
				CLANG_WARN_QUOTED_INCLUDE_IN_FRAMEWORK_HEADER = YES;
				CLANG_WARN_RANGE_LOOP_ANALYSIS = YES;
				CLANG_WARN_STRICT_PROTOTYPES = YES;
				CLANG_WARN_SUSPICIOUS_MOVE = YES;
				CLANG_WARN_UNGUARDED_AVAILABILITY = YES_AGGRESSIVE;
				CLANG_WARN_UNREACHABLE_CODE = YES;
				CLANG_WARN__DUPLICATE_METHOD_MATCH = YES;
				COPY_PHASE_STRIP = NO;
				DEBUG_INFORMATION_FORMAT = "dwarf-with-dsym";
				ENABLE_NS_ASSERTIONS = NO;
				ENABLE_STRICT_OBJC_MSGSEND = YES;
				ENABLE_USER_SCRIPT_SANDBOXING = YES;
				GCC_C_LANGUAGE_STANDARD = gnu17;
				GCC_NO_COMMON_BLOCKS = YES;
				GCC_WARN_64_TO_32_BIT_CONVERSION = YES;
				GCC_WARN_ABOUT_RETURN_TYPE = YES_ERROR;
				GCC_WARN_UNDECLARED_SELECTOR = YES;
				GCC_WARN_UNINITIALIZED_AUTOS = YES_AGGRESSIVE;
				GCC_WARN_UNUSED_FUNCTION = YES;
				GCC_WARN_UNUSED_VARIABLE = YES;
				IPHONEOS_DEPLOYMENT_TARGET = 26.5;
				LOCALIZATION_PREFERS_STRING_CATALOGS = YES;
				MTL_ENABLE_DEBUG_INFO = NO;
				MTL_FAST_MATH = YES;
				SDKROOT = iphoneos;
				SWIFT_COMPILATION_MODE = wholemodule;
				VALIDATE_PRODUCT = YES;
			};
			name = Release;
		};
		F1B050AF2FFE3A37002DB40F /* Debug */ = {
			isa = XCBuildConfiguration;
			buildSettings = {
				ASSETCATALOG_COMPILER_APPICON_NAME = AppIcon;
				ASSETCATALOG_COMPILER_GLOBAL_ACCENT_COLOR_NAME = AccentColor;
				CODE_SIGN_STYLE = Automatic;
				CURRENT_PROJECT_VERSION = 1;
				DEVELOPMENT_TEAM = Q46JHXQ6LA;
				ENABLE_PREVIEWS = YES;
				GENERATE_INFOPLIST_FILE = YES;
				INFOPLIST_KEY_UIApplicationSceneManifest_Generation = YES;
				INFOPLIST_KEY_UIApplicationSupportsIndirectInputEvents = YES;
				INFOPLIST_KEY_UILaunchScreen_Generation = YES;
				INFOPLIST_KEY_UISupportedInterfaceOrientations_iPad = "UIInterfaceOrientationPortrait UIInterfaceOrientationPortraitUpsideDown UIInterfaceOrientationLandscapeLeft UIInterfaceOrientationLandscapeRight";
				INFOPLIST_KEY_UISupportedInterfaceOrientations_iPhone = "UIInterfaceOrientationPortrait UIInterfaceOrientationLandscapeLeft UIInterfaceOrientationLandscapeRight";
				LD_RUNPATH_SEARCH_PATHS = (
					"$(inherited)",
					"@executable_path/Frameworks",
				);
				MARKETING_VERSION = 1.0;
				PRODUCT_BUNDLE_IDENTIFIER = nerd.AppIos;
				PRODUCT_NAME = "$(TARGET_NAME)";
				STRING_CATALOG_GENERATE_SYMBOLS = YES;
				SWIFT_APPROACHABLE_CONCURRENCY = YES;
				SWIFT_DEFAULT_ACTOR_ISOLATION = MainActor;
				SWIFT_EMIT_LOC_STRINGS = YES;
				SWIFT_UPCOMING_FEATURE_MEMBER_IMPORT_VISIBILITY = YES;
				SWIFT_VERSION = 5.0;
				TARGETED_DEVICE_FAMILY = "1,2";
			};
			name = Debug;
		};
		F1B050B02FFE3A37002DB40F /* Release */ = {
			isa = XCBuildConfiguration;
			buildSettings = {
				ASSETCATALOG_COMPILER_APPICON_NAME = AppIcon;
				ASSETCATALOG_COMPILER_GLOBAL_ACCENT_COLOR_NAME = AccentColor;
				CODE_SIGN_STYLE = Automatic;
				CURRENT_PROJECT_VERSION = 1;
				DEVELOPMENT_TEAM = Q46JHXQ6LA;
				ENABLE_PREVIEWS = YES;
				GENERATE_INFOPLIST_FILE = YES;
				INFOPLIST_KEY_UIApplicationSceneManifest_Generation = YES;
				INFOPLIST_KEY_UIApplicationSupportsIndirectInputEvents = YES;
				INFOPLIST_KEY_UILaunchScreen_Generation = YES;
				INFOPLIST_KEY_UISupportedInterfaceOrientations_iPad = "UIInterfaceOrientationPortrait UIInterfaceOrientationPortraitUpsideDown UIInterfaceOrientationLandscapeLeft UIInterfaceOrientationLandscapeRight";
				INFOPLIST_KEY_UISupportedInterfaceOrientations_iPhone = "UIInterfaceOrientationPortrait UIInterfaceOrientationLandscapeLeft UIInterfaceOrientationLandscapeRight";
				LD_RUNPATH_SEARCH_PATHS = (
					"$(inherited)",
					"@executable_path/Frameworks",
				);
				MARKETING_VERSION = 1.0;
				PRODUCT_BUNDLE_IDENTIFIER = nerd.AppIos;
				PRODUCT_NAME = "$(TARGET_NAME)";
				STRING_CATALOG_GENERATE_SYMBOLS = YES;
				SWIFT_APPROACHABLE_CONCURRENCY = YES;
				SWIFT_DEFAULT_ACTOR_ISOLATION = MainActor;
				SWIFT_EMIT_LOC_STRINGS = YES;
				SWIFT_UPCOMING_FEATURE_MEMBER_IMPORT_VISIBILITY = YES;
				SWIFT_VERSION = 5.0;
				TARGETED_DEVICE_FAMILY = "1,2";
			};
			name = Release;
		};
		F1AA1111111111111111000A /* Debug */ = {
			isa = XCBuildConfiguration;
			buildSettings = {
				BUNDLE_LOADER = "$(TEST_HOST)";
				CODE_SIGN_STYLE = Automatic;
				CURRENT_PROJECT_VERSION = 1;
				DEVELOPMENT_TEAM = Q46JHXQ6LA;
				GENERATE_INFOPLIST_FILE = YES;
				IPHONEOS_DEPLOYMENT_TARGET = 26.5;
				MARKETING_VERSION = 1.0;
				PRODUCT_BUNDLE_IDENTIFIER = nerd.AppIosTests;
				PRODUCT_NAME = "$(TARGET_NAME)";
				SWIFT_EMIT_LOC_STRINGS = NO;
				SWIFT_VERSION = 5.0;
				TARGETED_DEVICE_FAMILY = "1,2";
				TEST_HOST = "$(BUILT_PRODUCTS_DIR)/AppIos.app/$(BUNDLE_EXECUTABLE_FOLDER_PATH)/AppIos";
			};
			name = Debug;
		};
		F1AA1111111111111111000B /* Release */ = {
			isa = XCBuildConfiguration;
			buildSettings = {
				BUNDLE_LOADER = "$(TEST_HOST)";
				CODE_SIGN_STYLE = Automatic;
				CURRENT_PROJECT_VERSION = 1;
				DEVELOPMENT_TEAM = Q46JHXQ6LA;
				GENERATE_INFOPLIST_FILE = YES;
				IPHONEOS_DEPLOYMENT_TARGET = 26.5;
				MARKETING_VERSION = 1.0;
				PRODUCT_BUNDLE_IDENTIFIER = nerd.AppIosTests;
				PRODUCT_NAME = "$(TARGET_NAME)";
				SWIFT_EMIT_LOC_STRINGS = NO;
				SWIFT_VERSION = 5.0;
				TARGETED_DEVICE_FAMILY = "1,2";
				TEST_HOST = "$(BUILT_PRODUCTS_DIR)/AppIos.app/$(BUNDLE_EXECUTABLE_FOLDER_PATH)/AppIos";
			};
			name = Release;
		};
/* End XCBuildConfiguration section */

/* Begin XCConfigurationList section */
		F1B0509E2FFE3A36002DB40F /* Build configuration list for PBXProject "AppIos" */ = {
			isa = XCConfigurationList;
			buildConfigurations = (
				F1B050AC2FFE3A37002DB40F /* Debug */,
				F1B050AD2FFE3A37002DB40F /* Release */,
			);
			defaultConfigurationIsVisible = 0;
			defaultConfigurationName = Release;
		};
		F1B050AE2FFE3A37002DB40F /* Build configuration list for PBXNativeTarget "AppIos" */ = {
			isa = XCConfigurationList;
			buildConfigurations = (
				F1B050AF2FFE3A37002DB40F /* Debug */,
				F1B050B02FFE3A37002DB40F /* Release */,
			);
			defaultConfigurationIsVisible = 0;
			defaultConfigurationName = Release;
		};
		F1AA11111111111111110009 /* Build configuration list for PBXNativeTarget "AppIosTests" */ = {
			isa = XCConfigurationList;
			buildConfigurations = (
				F1AA1111111111111111000A /* Debug */,
				F1AA1111111111111111000B /* Release */,
			);
			defaultConfigurationIsVisible = 0;
			defaultConfigurationName = Release;
		};
/* End XCConfigurationList section */
	};
	rootObject = F1B0509B2FFE3A36002DB40F /* Project object */;
}
